
Microsoft Visual Studio Solution File, Format Version 12.00
# Visual Studio Version 16
VisualStudioVersion = 16.0.32002.261
MinimumVisualStudioVersion = 10.0.40219.1
Project("{FAE04EC0-301F-11D3-BF4B-00C04F79EFBC}") = "EmployeeManagement", "EmployeeManagement\EmployeeManagement.csproj", "{1D707A91-65DA-4C3E-B4E6-E3CE80CFF5BF}"
EndProject
Global
	GlobalSection(SolutionConfigurationPlatforms) = preSolution
		Debug|Any CPU = Debug|Any CPU
		Release|Any CPU = Release|Any CPU
	EndGlobalSection
	GlobalSection(ProjectConfigurationPlatforms) = postSolution
		{1D707A91-65DA-4C3E-B4E6-E3CE80CFF5BF}.Debug|Any CPU.ActiveCfg = Debug|Any CPU
		{1D707A91-65DA-4C3E-B4E6-E3CE80CFF5BF}.Debug|Any CPU.Build.0 = Debug|Any CPU
		{1D707A91-65DA-4C3E-B4E6-E3CE80CFF5BF}.Release|Any CPU.ActiveCfg = Release|Any CPU
		{1D707A91-65DA-4C3E-B4E6-E3CE80CFF5BF}.Release|Any CPU.Build.0 = Release|Any CPU
	EndGlobalSection
	GlobalSection(SolutionProperties) = preSolution
		HideSolutionNode = FALSE
	EndGlobalSection
	GlobalSection(ExtensibilityGlobals) = postSolution
		SolutionGuid = {F5E39445-5589-47D8-8D5A-A0C2A52B3E23}
	EndGlobalSection
EndGlobal
